
Microsoft Visual Studio Solution File, Format Version 12.00
# Visual Studio 15
VisualStudioVersion = 15.0.28307.168
MinimumVisualStudioVersion = 10.0.40219.1
Project("{FAE04EC0-301F-11D3-BF4B-00C04F79EFBC}") = "Calendar", "Calendar\Calendar.csproj", "{777CAAFC-959A-4D82-9D54-DE44F0D7B540}"
EndProject
Global
	GlobalSection(SolutionConfigurationPlatforms) = preSolution
		Debug|Any CPU = Debug|Any CPU
		Release|Any CPU = Release|Any CPU
	EndGlobalSection
	GlobalSection(ProjectConfigurationPlatforms) = postSolution
		{777CAAFC-959A-4D82-9D54-DE44F0D7B540}.Debug|Any CPU.ActiveCfg = Debug|Any CPU
		{777CAAFC-959A-4D82-9D54-DE44F0D7B540}.Debug|Any CPU.Build.0 = Debug|Any CPU
		{777CAAFC-959A-4D82-9D54-DE44F0D7B540}.Release|Any CPU.ActiveCfg = Release|Any CPU
		{777CAAFC-959A-4D82-9D54-DE44F0D7B540}.Release|Any CPU.Build.0 = Release|Any CPU
	EndGlobalSection
	GlobalSection(SolutionProperties) = preSolution
		HideSolutionNode = FALSE
	EndGlobalSection
	GlobalSection(ExtensibilityGlobals) = postSolution
		SolutionGuid = {258D5F10-0DAE-4BAA-BC20-5D6B2E8C83FF}
	EndGlobalSection
EndGlobal
